
Microsoft Visual Studio Solution File, Format Version 12.00
# Visual Studio Version 17
VisualStudioVersion = 17.11.35312.102
MinimumVisualStudioVersion = 10.0.40219.1
Project("{FAE04EC0-301F-11D3-BF4B-00C04F79EFBC}") = "NumbersOperations", "NumbersOperations.csproj", "{C301A959-7428-4410-8D58-5981F5A46E78}"
EndProject
Global
	GlobalSection(SolutionConfigurationPlatforms) = preSolution
		Debug|Any CPU = Debug|Any CPU
		Release|Any CPU = Release|Any CPU
	EndGlobalSection
	GlobalSection(ProjectConfigurationPlatforms) = postSolution
		{C301A959-7428-4410-8D58-5981F5A46E78}.Debug|Any CPU.ActiveCfg = Debug|Any CPU
		{C301A959-7428-4410-8D58-5981F5A46E78}.Debug|Any CPU.Build.0 = Debug|Any CPU
		{C301A959-7428-4410-8D58-5981F5A46E78}.Release|Any CPU.ActiveCfg = Release|Any CPU
		{C301A959-7428-4410-8D58-5981F5A46E78}.Release|Any CPU.Build.0 = Release|Any CPU
	EndGlobalSection
	GlobalSection(SolutionProperties) = preSolution
		HideSolutionNode = FALSE
	EndGlobalSection
	GlobalSection(ExtensibilityGlobals) = postSolution
		SolutionGuid = {6AC01263-AC51-4908-9627-676485FC6EA2}
	EndGlobalSection
EndGlobal
