
Microsoft Visual Studio Solution File, Format Version 12.00
# Visual Studio Version 17
VisualStudioVersion = 17.10.34916.146
MinimumVisualStudioVersion = 10.0.40219.1
Project("{FAE04EC0-301F-11D3-BF4B-00C04F79EFBC}") = "Exercise10", "Exercise10.csproj", "{72CE6DD6-CEAE-4C39-A042-3775056D6589}"
EndProject
Global
	GlobalSection(SolutionConfigurationPlatforms) = preSolution
		Debug|Any CPU = Debug|Any CPU
		Release|Any CPU = Release|Any CPU
	EndGlobalSection
	GlobalSection(ProjectConfigurationPlatforms) = postSolution
		{72CE6DD6-CEAE-4C39-A042-3775056D6589}.Debug|Any CPU.ActiveCfg = Debug|Any CPU
		{72CE6DD6-CEAE-4C39-A042-3775056D6589}.Debug|Any CPU.Build.0 = Debug|Any CPU
		{72CE6DD6-CEAE-4C39-A042-3775056D6589}.Release|Any CPU.ActiveCfg = Release|Any CPU
		{72CE6DD6-CEAE-4C39-A042-3775056D6589}.Release|Any CPU.Build.0 = Release|Any CPU
	EndGlobalSection
	GlobalSection(SolutionProperties) = preSolution
		HideSolutionNode = FALSE
	EndGlobalSection
	GlobalSection(ExtensibilityGlobals) = postSolution
		SolutionGuid = {8D08C99C-824B-4232-9B30-BFE0A88D28B1}
	EndGlobalSection
EndGlobal
